{
  "name": "@captain/agent-control-plane",
  "version": "0.1.0",
  "lockfileVersion": 3,
  "requires": true,
  "packages": {
    "": {
      "name": "@captain/agent-control-plane",
      "version": "0.1.0",
      "workspaces": [
        "packages/*",
        "adapters/*",
        "examples/*",
        "apps/*"
      ],
      "devDependencies": {
        "@types/node": "^20.12.12",
        "typescript": "^5.4.5"
      },
      "engines": {
        "node": ">=20"
      }
    },
    "adapters/escrow": {
      "name": "@captain/adapter-escrow",
      "version": "0.1.0"
    },
    "adapters/okx": {
      "name": "@captain/adapter-okx",
      "version": "0.1.0"
    },
    "examples/api-procurement": {
      "name": "@captain/example-api-procurement",
      "version": "0.1.0"
    },
    "examples/okx-trade": {
      "name": "@captain/example-okx-trade",
      "version": "0.1.0"
    },
    "examples/safe-trade": {
      "name": "@captain/example-safe-trade",
      "version": "0.1.0"
    },
    "node_modules/@captain/adapter-escrow": {
      "resolved": "adapters/escrow",
      "link": true
    },
    "node_modules/@captain/adapter-okx": {
      "resolved": "adapters/okx",
      "link": true
    },
    "node_modules/@captain/control-plane": {
      "resolved": "packages/control-plane",
      "link": true
    },
    "node_modules/@captain/example-api-procurement": {
      "resolved": "examples/api-procurement",
      "link": true
    },
    "node_modules/@captain/example-okx-trade": {
      "resolved": "examples/okx-trade",
      "link": true
    },
    "node_modules/@captain/example-safe-trade": {
      "resolved": "examples/safe-trade",
      "link": true
    },
    "node_modules/@types/node": {
      "version": "20.12.12",
      "resolved": "https://registry.npmjs.org/@types/node/-/node-20.12.12.tgz",
      "integrity": "sha512-eWLDGF/FOSPtAvEqeRAQ4C8LSA7M1I7i0ky1I8U7kD1J5ITyW3AsRhQrKVoWf5pFKZ2kILsEGJhsI9r93PYnOw==",
      "dev": true,
      "license": "MIT",
      "dependencies": {
        "undici-types": "~5.26.4"
      }
    },
    "node_modules/typescript": {
      "version": "5.4.5",
      "resolved": "https://registry.npmjs.org/typescript/-/typescript-5.4.5.tgz",
      "integrity": "sha512-vcI4UpRgg81oIRUFwR0WSIHKt11nJ7SAVlYNIu+QpqeyXP+gpQJy/Z4+F0aGxSE4MqwjyXvW/TzgkLAx2AGHwQ==",
      "dev": true,
      "license": "Apache-2.0",
      "bin": {
        "tsc": "bin/tsc",
        "tsserver": "bin/tsserver"
      },
      "engines": {
        "node": ">=14.17"
      }
    },
    "node_modules/undici-types": {
      "version": "5.26.5",
      "resolved": "https://registry.npmjs.org/undici-types/-/undici-types-5.26.5.tgz",
      "integrity": "sha512-JlCMO+ehdEIKqlFxk6IfVoAUVmgz7cU7zD/h9XZ0qzeosSHmUJVOzSQvvYSYWXkFXC+IfLKSIffhv0sVZup6pA==",
      "dev": true,
      "license": "MIT"
    },
    "packages/control-plane": {
      "name": "@captain/control-plane",
      "version": "0.1.0"
    }
  }
}
